
Microsoft Visual Studio Solution File, Format Version 12.00
# Visual Studio 14
VisualStudioVersion = 14.0.25420.1
MinimumVisualStudioVersion = 10.0.40219.1
Project("{FAE04EC0-301F-11D3-BF4B-00C04F79EFBC}") = "GlobalWeatherServiceClient", "GlobalWeatherServiceClient\GlobalWeatherServiceClient.csproj", "{B679714D-7587-4AFE-91D0-E2B4868C9306}"
EndProject
Project("{FAE04EC0-301F-11D3-BF4B-00C04F79EFBC}") = "GlobalWeatherServiceClient.Tests", "GlobalWeatherServiceClient.Tests\GlobalWeatherServiceClient.Tests.csproj", "{6AAF9089-AE23-4105-82FF-19C671C1E286}"
EndProject
Global
	GlobalSection(SolutionConfigurationPlatforms) = preSolution
		Debug|Any CPU = Debug|Any CPU
		Release|Any CPU = Release|Any CPU
	EndGlobalSection
	GlobalSection(ProjectConfigurationPlatforms) = postSolution
		{B679714D-7587-4AFE-91D0-E2B4868C9306}.Debug|Any CPU.ActiveCfg = Debug|Any CPU
		{B679714D-7587-4AFE-91D0-E2B4868C9306}.Debug|Any CPU.Build.0 = Debug|Any CPU
		{B679714D-7587-4AFE-91D0-E2B4868C9306}.Release|Any CPU.ActiveCfg = Release|Any CPU
		{B679714D-7587-4AFE-91D0-E2B4868C9306}.Release|Any CPU.Build.0 = Release|Any CPU
		{6AAF9089-AE23-4105-82FF-19C671C1E286}.Debug|Any CPU.ActiveCfg = Debug|Any CPU
		{6AAF9089-AE23-4105-82FF-19C671C1E286}.Debug|Any CPU.Build.0 = Debug|Any CPU
		{6AAF9089-AE23-4105-82FF-19C671C1E286}.Release|Any CPU.ActiveCfg = Release|Any CPU
		{6AAF9089-AE23-4105-82FF-19C671C1E286}.Release|Any CPU.Build.0 = Release|Any CPU
	EndGlobalSection
	GlobalSection(SolutionProperties) = preSolution
		HideSolutionNode = FALSE
	EndGlobalSection
EndGlobal
